github.com/anggadarkprince/go-email-checker v1.0.0 h1:EMVCBE4KNalCiyzRuLIu5+Oh70S50T7ioZGqTIW+mfc=
github.com/anggadarkprince/go-email-checker v1.0.0/go.mod h1:ZVQHmA6jvnGKnOuQqOA2jZcgyqgGU68LpT4SJGH4t3M=
github.com/anggadarkprince/go-email-checker v1.0.1 h1:lxqyO9u+ouSZqaYYNpihw2oDn8KdUQYx/t37yaWwkUQ=
github.com/anggadarkprince/go-email-checker v1.0.1/go.mod h1:ZVQHmA6jvnGKnOuQqOA2jZcgyqgGU68LpT4SJGH4t3M=
github.com/anggadarkprince/go-email-checker/v2 v2.0.0 h1:Hb1Ksyg3S0fRiRBizx9njo3VAXowR1bQZWa9KZBIZis=
github.com/anggadarkprince/go-email-checker/v2 v2.0.0/go.mod h1:GbhA7IqexK1ZaxwGSjrrHDlhEpw8V3XHgePzJq1imR4=
